// !$*UTF8*$!
{
	archiveVersion = 1;
	classes = {
	};
	objectVersion = 46;
	objects = {

/* Begin PBXBuildFile section */
		0AB5B16E125AA9C000B7767B /* S4AbstractAppDelegate.h in Headers */ = {isa = PBXBuildFile; fileRef = 0AB5B16C125AA9C000B7767B /* S4AbstractAppDelegate.h */; };
		0AB5B16F125AA9C000B7767B /* S4AbstractAppDelegate.m in Sources */ = {isa = PBXBuildFile; fileRef = 0AB5B16D125AA9C000B7767B /* S4AbstractAppDelegate.m */; };
		0AB5B17E125AA9D700B7767B /* S4FullScreenMoviePlayer.h in Headers */ = {isa = PBXBuildFile; fileRef = 0AB5B170125AA9D700B7767B /* S4FullScreenMoviePlayer.h */; };
		0AB5B17F125AA9D700B7767B /* S4FullScreenMoviePlayer.m in Sources */ = {isa = PBXBuildFile; fileRef = 0AB5B171125AA9D700B7767B /* S4FullScreenMoviePlayer.m */; };
		0AB5B180125AA9D700B7767B /* S4OverlayViewController.h in Headers */ = {isa = PBXBuildFile; fileRef = 0AB5B172125AA9D700B7767B /* S4OverlayViewController.h */; };
		0AB5B181125AA9D700B7767B /* S4OverlayViewController.m in Sources */ = {isa = PBXBuildFile; fileRef = 0AB5B173125AA9D700B7767B /* S4OverlayViewController.m */; };
		0AB5B182125AA9D700B7767B /* S4PdfSearcher.h in Headers */ = {isa = PBXBuildFile; fileRef = 0AB5B174125AA9D700B7767B /* S4PdfSearcher.h */; };
		0AB5B183125AA9D700B7767B /* S4PdfSearcher.m in Sources */ = {isa = PBXBuildFile; fileRef = 0AB5B175125AA9D700B7767B /* S4PdfSearcher.m */; };
		0AB5B184125AA9D700B7767B /* S4PdfView.h in Headers */ = {isa = PBXBuildFile; fileRef = 0AB5B176125AA9D700B7767B /* S4PdfView.h */; };
		0AB5B185125AA9D700B7767B /* S4PdfView.m in Sources */ = {isa = PBXBuildFile; fileRef = 0AB5B177125AA9D700B7767B /* S4PdfView.m */; };
		0AB5B186125AA9D700B7767B /* S4RoundedRectView.h in Headers */ = {isa = PBXBuildFile; fileRef = 0AB5B178125AA9D700B7767B /* S4RoundedRectView.h */; };
		0AB5B187125AA9D700B7767B /* S4RoundedRectView.m in Sources */ = {isa = PBXBuildFile; fileRef = 0AB5B179125AA9D700B7767B /* S4RoundedRectView.m */; };
		0AB5B188125AA9D700B7767B /* S4TextUtils.h in Headers */ = {isa = PBXBuildFile; fileRef = 0AB5B17A125AA9D700B7767B /* S4TextUtils.h */; };
		0AB5B189125AA9D700B7767B /* S4TextUtils.m in Sources */ = {isa = PBXBuildFile; fileRef = 0AB5B17B125AA9D700B7767B /* S4TextUtils.m */; };
		0AB5B18A125AA9D700B7767B /* S4WebViewController.h in Headers */ = {isa = PBXBuildFile; fileRef = 0AB5B17C125AA9D700B7767B /* S4WebViewController.h */; };
		0AB5B18B125AA9D700B7767B /* S4WebViewController.m in Sources */ = {isa = PBXBuildFile; fileRef = 0AB5B17D125AA9D700B7767B /* S4WebViewController.m */; };
		0AB5B1D9125AADB300B7767B /* UIColor+S4Utilities.h in Headers */ = {isa = PBXBuildFile; fileRef = 0AB5B1D7125AADB300B7767B /* UIColor+S4Utilities.h */; };
		0AB5B1DA125AADB300B7767B /* UIColor+S4Utilities.m in Sources */ = {isa = PBXBuildFile; fileRef = 0AB5B1D8125AADB300B7767B /* UIColor+S4Utilities.m */; };
		0AD53947125AA0AD009EC85A /* AddressBook.framework in Frameworks */ = {isa = PBXBuildFile; fileRef = 0AD53946125AA0AD009EC85A /* AddressBook.framework */; };
		0AD53949125AA0AD009EC85A /* CoreGraphics.framework in Frameworks */ = {isa = PBXBuildFile; fileRef = 0AD53948125AA0AD009EC85A /* CoreGraphics.framework */; };
		0AD5394B125AA0AD009EC85A /* CoreLocation.framework in Frameworks */ = {isa = PBXBuildFile; fileRef = 0AD5394A125AA0AD009EC85A /* CoreLocation.framework */; };
		0AD5394D125AA0D0009EC85A /* libsqlite3.dylib in Frameworks */ = {isa = PBXBuildFile; fileRef = 0AD5394C125AA0D0009EC85A /* libsqlite3.dylib */; };
		0AD5394F125AA0D0009EC85A /* libxml2.dylib in Frameworks */ = {isa = PBXBuildFile; fileRef = 0AD5394E125AA0D0009EC85A /* libxml2.dylib */; };
		0AD53951125AA0F0009EC85A /* MapKit.framework in Frameworks */ = {isa = PBXBuildFile; fileRef = 0AD53950125AA0F0009EC85A /* MapKit.framework */; };
		0AD53953125AA0F0009EC85A /* MessageUI.framework in Frameworks */ = {isa = PBXBuildFile; fileRef = 0AD53952125AA0F0009EC85A /* MessageUI.framework */; };
		0AD53955125AA0F0009EC85A /* OpenGLES.framework in Frameworks */ = {isa = PBXBuildFile; fileRef = 0AD53954125AA0F0009EC85A /* OpenGLES.framework */; };
		0AD53957125AA0F0009EC85A /* Security.framework in Frameworks */ = {isa = PBXBuildFile; fileRef = 0AD53956125AA0F0009EC85A /* Security.framework */; };
		0AD53959125AA0F0009EC85A /* SystemConfiguration.framework in Frameworks */ = {isa = PBXBuildFile; fileRef = 0AD53958125AA0F0009EC85A /* SystemConfiguration.framework */; };
		0AD5395B125AA0F0009EC85A /* UIKit.framework in Frameworks */ = {isa = PBXBuildFile; fileRef = 0AD5395A125AA0F0009EC85A /* UIKit.framework */; };
		0AD53A6B125AA4F6009EC85A /* Base64Transcoder.h in Headers */ = {isa = PBXBuildFile; fileRef = 0AD53A44125AA4F6009EC85A /* Base64Transcoder.h */; };
		0AD53A6C125AA4F6009EC85A /* hmac.h in Headers */ = {isa = PBXBuildFile; fileRef = 0AD53A46125AA4F6009EC85A /* hmac.h */; };
		0AD53A6D125AA4F6009EC85A /* NSCollections+S4Utilities.h in Headers */ = {isa = PBXBuildFile; fileRef = 0AD53A47125AA4F6009EC85A /* NSCollections+S4Utilities.h */; };
		0AD53A6E125AA4F6009EC85A /* NSInvocation+S4Utilities.h in Headers */ = {isa = PBXBuildFile; fileRef = 0AD53A48125AA4F6009EC85A /* NSInvocation+S4Utilities.h */; };
		0AD53A6F125AA4F6009EC85A /* NSObject+S4Utilities.h in Headers */ = {isa = PBXBuildFile; fileRef = 0AD53A49125AA4F6009EC85A /* NSObject+S4Utilities.h */; };
		0AD53A70125AA4F6009EC85A /* NSString+S4Utilities.h in Headers */ = {isa = PBXBuildFile; fileRef = 0AD53A4A125AA4F6009EC85A /* NSString+S4Utilities.h */; };
		0AD53A72125AA4F6009EC85A /* S4AppUtils.h in Headers */ = {isa = PBXBuildFile; fileRef = 0AD53A4C125AA4F6009EC85A /* S4AppUtils.h */; };
		0AD53A73125AA4F6009EC85A /* S4BaseClass.h in Headers */ = {isa = PBXBuildFile; fileRef = 0AD53A4D125AA4F6009EC85A /* S4BaseClass.h */; };
		0AD53A74125AA4F6009EC85A /* S4CCMacProvider.h in Headers */ = {isa = PBXBuildFile; fileRef = 0AD53A4E125AA4F6009EC85A /* S4CCMacProvider.h */; };
		0AD53A75125AA4F6009EC85A /* S4CommonDefines.h in Headers */ = {isa = PBXBuildFile; fileRef = 0AD53A4F125AA4F6009EC85A /* S4CommonDefines.h */; };
		0AD53A76125AA4F6009EC85A /* S4CoreLocationManager.h in Headers */ = {isa = PBXBuildFile; fileRef = 0AD53A50125AA4F6009EC85A /* S4CoreLocationManager.h */; };
		0AD53A77125AA4F6009EC85A /* S4CrashManager.h in Headers */ = {isa = PBXBuildFile; fileRef = 0AD53A51125AA4F6009EC85A /* S4CrashManager.h */; };
		0AD53A78125AA4F6009EC85A /* S4DelgateArray.h in Headers */ = {isa = PBXBuildFile; fileRef = 0AD53A52125AA4F6009EC85A /* S4DelgateArray.h */; };
		0AD53A79125AA4F6009EC85A /* S4FileUtilities.h in Headers */ = {isa = PBXBuildFile; fileRef = 0AD53A53125AA4F6009EC85A /* S4FileUtilities.h */; };
		0AD53A7B125AA4F6009EC85A /* S4GeoLocation.h in Headers */ = {isa = PBXBuildFile; fileRef = 0AD53A55125AA4F6009EC85A /* S4GeoLocation.h */; };
		0AD53A7C125AA4F6009EC85A /* S4HttpConnection.h in Headers */ = {isa = PBXBuildFile; fileRef = 0AD53A56125AA4F6009EC85A /* S4HttpConnection.h */; };
		0AD53A7D125AA4F6009EC85A /* S4HttpInvokeOperation.h in Headers */ = {isa = PBXBuildFile; fileRef = 0AD53A57125AA4F6009EC85A /* S4HttpInvokeOperation.h */; };
		0AD53A7E125AA4F6009EC85A /* S4NetUtilities.h in Headers */ = {isa = PBXBuildFile; fileRef = 0AD53A58125AA4F6009EC85A /* S4NetUtilities.h */; };
		0AD53A7F125AA4F6009EC85A /* S4NetworkAccess.h in Headers */ = {isa = PBXBuildFile; fileRef = 0AD53A59125AA4F6009EC85A /* S4NetworkAccess.h */; };
		0AD53A80125AA4F6009EC85A /* S4ObjC_Utilities.h in Headers */ = {isa = PBXBuildFile; fileRef = 0AD53A5A125AA4F6009EC85A /* S4ObjC_Utilities.h */; };
		0AD53A81125AA4F6009EC85A /* S4OperationsHandler.h in Headers */ = {isa = PBXBuildFile; fileRef = 0AD53A5B125AA4F6009EC85A /* S4OperationsHandler.h */; };
		0AD53A85125AA4F6009EC85A /* S4RegEx.h in Headers */ = {isa = PBXBuildFile; fileRef = 0AD53A5F125AA4F6009EC85A /* S4RegEx.h */; };
		0AD53A87125AA4F6009EC85A /* S4ScreenUtils.h in Headers */ = {isa = PBXBuildFile; fileRef = 0AD53A61125AA4F6009EC85A /* S4ScreenUtils.h */; };
		0AD53A88125AA4F6009EC85A /* S4SingletonClass.h in Headers */ = {isa = PBXBuildFile; fileRef = 0AD53A62125AA4F6009EC85A /* S4SingletonClass.h */; };
		0AD53A89125AA4F6009EC85A /* S4SystemUtilities.h in Headers */ = {isa = PBXBuildFile; fileRef = 0AD53A63125AA4F6009EC85A /* S4SystemUtilities.h */; };
		0AD53A8B125AA4F6009EC85A /* S4UIDeviceManager.h in Headers */ = {isa = PBXBuildFile; fileRef = 0AD53A65125AA4F6009EC85A /* S4UIDeviceManager.h */; };
		0AD53A8C125AA4F6009EC85A /* S4UserDefaultsManager.h in Headers */ = {isa = PBXBuildFile; fileRef = 0AD53A66125AA4F6009EC85A /* S4UserDefaultsManager.h */; };
		0AD53A8E125AA4F6009EC85A /* S4XMLToDictionaryParser.h in Headers */ = {isa = PBXBuildFile; fileRef = 0AD53A68125AA4F6009EC85A /* S4XMLToDictionaryParser.h */; };
		0AD53A8F125AA4F6009EC85A /* sha1.h in Headers */ = {isa = PBXBuildFile; fileRef = 0AD53A69125AA4F6009EC85A /* sha1.h */; };
		AA747D9F0F9514B9006C5449 /* S4iOS_UI_Lib_Prefix.pch in Headers */ = {isa = PBXBuildFile; fileRef = AA747D9E0F9514B9006C5449 /* S4iOS_UI_Lib_Prefix.pch */; };
		AACBBE4A0F95108600F1A2B1 /* Foundation.framework in Frameworks */ = {isa = PBXBuildFile; fileRef = AACBBE490F95108600F1A2B1 /* Foundation.framework */; };
/* End PBXBuildFile section */

/* Begin PBXFileReference section */
		0AB5B16C125AA9C000B7767B /* S4AbstractAppDelegate.h */ = {isa = PBXFileReference; fileEncoding = 4; lastKnownFileType = sourcecode.c.h; name = S4AbstractAppDelegate.h; path = Classes/Application/S4AbstractAppDelegate.h; sourceTree = "<group>"; };
		0AB5B16D125AA9C000B7767B /* S4AbstractAppDelegate.m */ = {isa = PBXFileReference; fileEncoding = 4; lastKnownFileType = sourcecode.c.objc; name = S4AbstractAppDelegate.m; path = Classes/Application/S4AbstractAppDelegate.m; sourceTree = "<group>"; };
		0AB5B170125AA9D700B7767B /* S4FullScreenMoviePlayer.h */ = {isa = PBXFileReference; fileEncoding = 4; lastKnownFileType = sourcecode.c.h; name = S4FullScreenMoviePlayer.h; path = Classes/UI/S4FullScreenMoviePlayer.h; sourceTree = "<group>"; };
		0AB5B171125AA9D700B7767B /* S4FullScreenMoviePlayer.m */ = {isa = PBXFileReference; fileEncoding = 4; lastKnownFileType = sourcecode.c.objc; name = S4FullScreenMoviePlayer.m; path = Classes/UI/S4FullScreenMoviePlayer.m; sourceTree = "<group>"; };
		0AB5B172125AA9D700B7767B /* S4OverlayViewController.h */ = {isa = PBXFileReference; fileEncoding = 4; lastKnownFileType = sourcecode.c.h; name = S4OverlayViewController.h; path = Classes/UI/S4OverlayViewController.h; sourceTree = "<group>"; };
		0AB5B173125AA9D700B7767B /* S4OverlayViewController.m */ = {isa = PBXFileReference; fileEncoding = 4; lastKnownFileType = sourcecode.c.objc; name = S4OverlayViewController.m; path = Classes/UI/S4OverlayViewController.m; sourceTree = "<group>"; };
		0AB5B174125AA9D700B7767B /* S4PdfSearcher.h */ = {isa = PBXFileReference; fileEncoding = 4; lastKnownFileType = sourcecode.c.h; name = S4PdfSearcher.h; path = Classes/UI/S4PdfSearcher.h; sourceTree = "<group>"; };
		0AB5B175125AA9D700B7767B /* S4PdfSearcher.m */ = {isa = PBXFileReference; fileEncoding = 4; lastKnownFileType = sourcecode.c.objc; name = S4PdfSearcher.m; path = Classes/UI/S4PdfSearcher.m; sourceTree = "<group>"; };
		0AB5B176125AA9D700B7767B /* S4PdfView.h */ = {isa = PBXFileReference; fileEncoding = 4; lastKnownFileType = sourcecode.c.h; name = S4PdfView.h; path = Classes/UI/S4PdfView.h; sourceTree = "<group>"; };
		0AB5B177125AA9D700B7767B /* S4PdfView.m */ = {isa = PBXFileReference; fileEncoding = 4; lastKnownFileType = sourcecode.c.objc; name = S4PdfView.m; path = Classes/UI/S4PdfView.m; sourceTree = "<group>"; };
		0AB5B178125AA9D700B7767B /* S4RoundedRectView.h */ = {isa = PBXFileReference; fileEncoding = 4; lastKnownFileType = sourcecode.c.h; name = S4RoundedRectView.h; path = Classes/UI/S4RoundedRectView.h; sourceTree = "<group>"; };
		0AB5B179125AA9D700B7767B /* S4RoundedRectView.m */ = {isa = PBXFileReference; fileEncoding = 4; lastKnownFileType = sourcecode.c.objc; name = S4RoundedRectView.m; path = Classes/UI/S4RoundedRectView.m; sourceTree = "<group>"; };
		0AB5B17A125AA9D700B7767B /* S4TextUtils.h */ = {isa = PBXFileReference; fileEncoding = 4; lastKnownFileType = sourcecode.c.h; name = S4TextUtils.h; path = Classes/UI/S4TextUtils.h; sourceTree = "<group>"; };
		0AB5B17B125AA9D700B7767B /* S4TextUtils.m */ = {isa = PBXFileReference; fileEncoding = 4; lastKnownFileType = sourcecode.c.objc; name = S4TextUtils.m; path = Classes/UI/S4TextUtils.m; sourceTree = "<group>"; };
		0AB5B17C125AA9D700B7767B /* S4WebViewController.h */ = {isa = PBXFileReference; fileEncoding = 4; lastKnownFileType = sourcecode.c.h; name = S4WebViewController.h; path = Classes/UI/S4WebViewController.h; sourceTree = "<group>"; };
		0AB5B17D125AA9D700B7767B /* S4WebViewController.m */ = {isa = PBXFileReference; fileEncoding = 4; lastKnownFileType = sourcecode.c.objc; name = S4WebViewController.m; path = Classes/UI/S4WebViewController.m; sourceTree = "<group>"; };
		0AB5B1D7125AADB300B7767B /* UIColor+S4Utilities.h */ = {isa = PBXFileReference; fileEncoding = 4; lastKnownFileType = sourcecode.c.h; name = "UIColor+S4Utilities.h"; path = "Classes/Categories/UIColor+S4Utilities.h"; sourceTree = "<group>"; };
		0AB5B1D8125AADB300B7767B /* UIColor+S4Utilities.m */ = {isa = PBXFileReference; fileEncoding = 4; lastKnownFileType = sourcecode.c.objc; name = "UIColor+S4Utilities.m"; path = "Classes/Categories/UIColor+S4Utilities.m"; sourceTree = "<group>"; };
		0AD53946125AA0AD009EC85A /* AddressBook.framework */ = {isa = PBXFileReference; lastKnownFileType = wrapper.framework; name = AddressBook.framework; path = System/Library/Frameworks/AddressBook.framework; sourceTree = SDKROOT; };
		0AD53948125AA0AD009EC85A /* CoreGraphics.framework */ = {isa = PBXFileReference; lastKnownFileType = wrapper.framework; name = CoreGraphics.framework; path = System/Library/Frameworks/CoreGraphics.framework; sourceTree = SDKROOT; };
		0AD5394A125AA0AD009EC85A /* CoreLocation.framework */ = {isa = PBXFileReference; lastKnownFileType = wrapper.framework; name = CoreLocation.framework; path = System/Library/Frameworks/CoreLocation.framework; sourceTree = SDKROOT; };
		0AD5394C125AA0D0009EC85A /* libsqlite3.dylib */ = {isa = PBXFileReference; lastKnownFileType = "compiled.mach-o.dylib"; name = libsqlite3.dylib; path = usr/lib/libsqlite3.dylib; sourceTree = SDKROOT; };
		0AD5394E125AA0D0009EC85A /* libxml2.dylib */ = {isa = PBXFileReference; lastKnownFileType = "compiled.mach-o.dylib"; name = libxml2.dylib; path = usr/lib/libxml2.dylib; sourceTree = SDKROOT; };
		0AD53950125AA0F0009EC85A /* MapKit.framework */ = {isa = PBXFileReference; lastKnownFileType = wrapper.framework; name = MapKit.framework; path = System/Library/Frameworks/MapKit.framework; sourceTree = SDKROOT; };
		0AD53952125AA0F0009EC85A /* MessageUI.framework */ = {isa = PBXFileReference; lastKnownFileType = wrapper.framework; name = MessageUI.framework; path = System/Library/Frameworks/MessageUI.framework; sourceTree = SDKROOT; };
		0AD53954125AA0F0009EC85A /* OpenGLES.framework */ = {isa = PBXFileReference; lastKnownFileType = wrapper.framework; name = OpenGLES.framework; path = System/Library/Frameworks/OpenGLES.framework; sourceTree = SDKROOT; };
		0AD53956125AA0F0009EC85A /* Security.framework */ = {isa = PBXFileReference; lastKnownFileType = wrapper.framework; name = Security.framework; path = System/Library/Frameworks/Security.framework; sourceTree = SDKROOT; };
		0AD53958125AA0F0009EC85A /* SystemConfiguration.framework */ = {isa = PBXFileReference; lastKnownFileType = wrapper.framework; name = SystemConfiguration.framework; path = System/Library/Frameworks/SystemConfiguration.framework; sourceTree = SDKROOT; };
		0AD5395A125AA0F0009EC85A /* UIKit.framework */ = {isa = PBXFileReference; lastKnownFileType = wrapper.framework; name = UIKit.framework; path = System/Library/Frameworks/UIKit.framework; sourceTree = SDKROOT; };
		0AD53A44125AA4F6009EC85A /* Base64Transcoder.h */ = {isa = PBXFileReference; fileEncoding = 4; lastKnownFileType = sourcecode.c.h; path = Base64Transcoder.h; sourceTree = "<group>"; };
		0AD53A46125AA4F6009EC85A /* hmac.h */ = {isa = PBXFileReference; fileEncoding = 4; lastKnownFileType = sourcecode.c.h; path = hmac.h; sourceTree = "<group>"; };
		0AD53A47125AA4F6009EC85A /* NSCollections+S4Utilities.h */ = {isa = PBXFileReference; fileEncoding = 4; lastKnownFileType = sourcecode.c.h; path = "NSCollections+S4Utilities.h"; sourceTree = "<group>"; };
		0AD53A48125AA4F6009EC85A /* NSInvocation+S4Utilities.h */ = {isa = PBXFileReference; fileEncoding = 4; lastKnownFileType = sourcecode.c.h; path = "NSInvocation+S4Utilities.h"; sourceTree = "<group>"; };
		0AD53A49125AA4F6009EC85A /* NSObject+S4Utilities.h */ = {isa = PBXFileReference; fileEncoding = 4; lastKnownFileType = sourcecode.c.h; path = "NSObject+S4Utilities.h"; sourceTree = "<group>"; };
		0AD53A4A125AA4F6009EC85A /* NSString+S4Utilities.h */ = {isa = PBXFileReference; fileEncoding = 4; lastKnownFileType = sourcecode.c.h; path = "NSString+S4Utilities.h"; sourceTree = "<group>"; };
		0AD53A4C125AA4F6009EC85A /* S4AppUtils.h */ = {isa = PBXFileReference; fileEncoding = 4; lastKnownFileType = sourcecode.c.h; path = S4AppUtils.h; sourceTree = "<group>"; };
		0AD53A4D125AA4F6009EC85A /* S4BaseClass.h */ = {isa = PBXFileReference; fileEncoding = 4; lastKnownFileType = sourcecode.c.h; path = S4BaseClass.h; sourceTree = "<group>"; };
		0AD53A4E125AA4F6009EC85A /* S4CCMacProvider.h */ = {isa = PBXFileReference; fileEncoding = 4; lastKnownFileType = sourcecode.c.h; path = S4CCMacProvider.h; sourceTree = "<group>"; };
		0AD53A4F125AA4F6009EC85A /* S4CommonDefines.h */ = {isa = PBXFileReference; fileEncoding = 4; lastKnownFileType = sourcecode.c.h; path = S4CommonDefines.h; sourceTree = "<group>"; };
		0AD53A50125AA4F6009EC85A /* S4CoreLocationManager.h */ = {isa = PBXFileReference; fileEncoding = 4; lastKnownFileType = sourcecode.c.h; path = S4CoreLocationManager.h; sourceTree = "<group>"; };
		0AD53A51125AA4F6009EC85A /* S4CrashManager.h */ = {isa = PBXFileReference; fileEncoding = 4; lastKnownFileType = sourcecode.c.h; path = S4CrashManager.h; sourceTree = "<group>"; };
		0AD53A52125AA4F6009EC85A /* S4DelgateArray.h */ = {isa = PBXFileReference; fileEncoding = 4; lastKnownFileType = sourcecode.c.h; path = S4DelgateArray.h; sourceTree = "<group>"; };
		0AD53A53125AA4F6009EC85A /* S4FileUtilities.h */ = {isa = PBXFileReference; fileEncoding = 4; lastKnownFileType = sourcecode.c.h; path = S4FileUtilities.h; sourceTree = "<group>"; };
		0AD53A55125AA4F6009EC85A /* S4GeoLocation.h */ = {isa = PBXFileReference; fileEncoding = 4; lastKnownFileType = sourcecode.c.h; path = S4GeoLocation.h; sourceTree = "<group>"; };
		0AD53A56125AA4F6009EC85A /* S4HttpConnection.h */ = {isa = PBXFileReference; fileEncoding = 4; lastKnownFileType = sourcecode.c.h; path = S4HttpConnection.h; sourceTree = "<group>"; };
		0AD53A57125AA4F6009EC85A /* S4HttpInvokeOperation.h */ = {isa = PBXFileReference; fileEncoding = 4; lastKnownFileType = sourcecode.c.h; path = S4HttpInvokeOperation.h; sourceTree = "<group>"; };
		0AD53A58125AA4F6009EC85A /* S4NetUtilities.h */ = {isa = PBXFileReference; fileEncoding = 4; lastKnownFileType = sourcecode.c.h; path = S4NetUtilities.h; sourceTree = "<group>"; };
		0AD53A59125AA4F6009EC85A /* S4NetworkAccess.h */ = {isa = PBXFileReference; fileEncoding = 4; lastKnownFileType = sourcecode.c.h; path = S4NetworkAccess.h; sourceTree = "<group>"; };
		0AD53A5A125AA4F6009EC85A /* S4ObjC_Utilities.h */ = {isa = PBXFileReference; fileEncoding = 4; lastKnownFileType = sourcecode.c.h; path = S4ObjC_Utilities.h; sourceTree = "<group>"; };
		0AD53A5B125AA4F6009EC85A /* S4OperationsHandler.h */ = {isa = PBXFileReference; fileEncoding = 4; lastKnownFileType = sourcecode.c.h; path = S4OperationsHandler.h; sourceTree = "<group>"; };
		0AD53A5F125AA4F6009EC85A /* S4RegEx.h */ = {isa = PBXFileReference; fileEncoding = 4; lastKnownFileType = sourcecode.c.h; path = S4RegEx.h; sourceTree = "<group>"; };
		0AD53A61125AA4F6009EC85A /* S4ScreenUtils.h */ = {isa = PBXFileReference; fileEncoding = 4; lastKnownFileType = sourcecode.c.h; path = S4ScreenUtils.h; sourceTree = "<group>"; };
		0AD53A62125AA4F6009EC85A /* S4SingletonClass.h */ = {isa = PBXFileReference; fileEncoding = 4; lastKnownFileType = sourcecode.c.h; path = S4SingletonClass.h; sourceTree = "<group>"; };
		0AD53A63125AA4F6009EC85A /* S4SystemUtilities.h */ = {isa = PBXFileReference; fileEncoding = 4; lastKnownFileType = sourcecode.c.h; path = S4SystemUtilities.h; sourceTree = "<group>"; };
		0AD53A65125AA4F6009EC85A /* S4UIDeviceManager.h */ = {isa = PBXFileReference; fileEncoding = 4; lastKnownFileType = sourcecode.c.h; path = S4UIDeviceManager.h; sourceTree = "<group>"; };
		0AD53A66125AA4F6009EC85A /* S4UserDefaultsManager.h */ = {isa = PBXFileReference; fileEncoding = 4; lastKnownFileType = sourcecode.c.h; path = S4UserDefaultsManager.h; sourceTree = "<group>"; };
		0AD53A68125AA4F6009EC85A /* S4XMLToDictionaryParser.h */ = {isa = PBXFileReference; fileEncoding = 4; lastKnownFileType = sourcecode.c.h; path = S4XMLToDictionaryParser.h; sourceTree = "<group>"; };
		0AD53A69125AA4F6009EC85A /* sha1.h */ = {isa = PBXFileReference; fileEncoding = 4; lastKnownFileType = sourcecode.c.h; path = sha1.h; sourceTree = "<group>"; };
		AA747D9E0F9514B9006C5449 /* S4iOS_UI_Lib_Prefix.pch */ = {isa = PBXFileReference; fileEncoding = 4; lastKnownFileType = sourcecode.c.h; path = S4iOS_UI_Lib_Prefix.pch; sourceTree = SOURCE_ROOT; };
		AACBBE490F95108600F1A2B1 /* Foundation.framework */ = {isa = PBXFileReference; lastKnownFileType = wrapper.framework; name = Foundation.framework; path = System/Library/Frameworks/Foundation.framework; sourceTree = SDKROOT; };
		D2AAC07E0554694100DB518D /* libS4iOS_UI_Lib.a */ = {isa = PBXFileReference; explicitFileType = archive.ar; includeInIndex = 0; path = libS4iOS_UI_Lib.a; sourceTree = BUILT_PRODUCTS_DIR; };
/* End PBXFileReference section */

/* Begin PBXFrameworksBuildPhase section */
		D2AAC07C0554694100DB518D /* Frameworks */ = {
			isa = PBXFrameworksBuildPhase;
			buildActionMask = 2147483647;
			files = (
				AACBBE4A0F95108600F1A2B1 /* Foundation.framework in Frameworks */,
				0AD53947125AA0AD009EC85A /* AddressBook.framework in Frameworks */,
				0AD53949125AA0AD009EC85A /* CoreGraphics.framework in Frameworks */,
				0AD5394B125AA0AD009EC85A /* CoreLocation.framework in Frameworks */,
				0AD5394D125AA0D0009EC85A /* libsqlite3.dylib in Frameworks */,
				0AD5394F125AA0D0009EC85A /* libxml2.dylib in Frameworks */,
				0AD53951125AA0F0009EC85A /* MapKit.framework in Frameworks */,
				0AD53953125AA0F0009EC85A /* MessageUI.framework in Frameworks */,
				0AD53955125AA0F0009EC85A /* OpenGLES.framework in Frameworks */,
				0AD53957125AA0F0009EC85A /* Security.framework in Frameworks */,
				0AD53959125AA0F0009EC85A /* SystemConfiguration.framework in Frameworks */,
				0AD5395B125AA0F0009EC85A /* UIKit.framework in Frameworks */,
			);
			runOnlyForDeploymentPostprocessing = 0;
		};
/* End PBXFrameworksBuildPhase section */

/* Begin PBXGroup section */
		034768DFFF38A50411DB9C8B /* Products */ = {
			isa = PBXGroup;
			children = (
				D2AAC07E0554694100DB518D /* libS4iOS_UI_Lib.a */,
			);
			name = Products;
			sourceTree = "<group>";
		};
		0867D691FE84028FC02AAC07 /* S4iOS_UI_Lib */ = {
			isa = PBXGroup;
			children = (
				08FB77AEFE84172EC02AAC07 /* Classes */,
				0AD539FD125AA3AA009EC85A /* S4iOSLib */,
				0AD5392E125A9FD8009EC85A /* Vendor */,
				32C88DFF0371C24200C91783 /* Other Sources */,
				0867D69AFE84028FC02AAC07 /* Frameworks */,
				034768DFFF38A50411DB9C8B /* Products */,
			);
			name = S4iOS_UI_Lib;
			sourceTree = "<group>";
		};
		0867D69AFE84028FC02AAC07 /* Frameworks */ = {
			isa = PBXGroup;
			children = (
				AACBBE490F95108600F1A2B1 /* Foundation.framework */,
				0AD53946125AA0AD009EC85A /* AddressBook.framework */,
				0AD53948125AA0AD009EC85A /* CoreGraphics.framework */,
				0AD5394A125AA0AD009EC85A /* CoreLocation.framework */,
				0AD5394C125AA0D0009EC85A /* libsqlite3.dylib */,
				0AD5394E125AA0D0009EC85A /* libxml2.dylib */,
				0AD53950125AA0F0009EC85A /* MapKit.framework */,
				0AD53952125AA0F0009EC85A /* MessageUI.framework */,
				0AD53954125AA0F0009EC85A /* OpenGLES.framework */,
				0AD53956125AA0F0009EC85A /* Security.framework */,
				0AD53958125AA0F0009EC85A /* SystemConfiguration.framework */,
				0AD5395A125AA0F0009EC85A /* UIKit.framework */,
			);
			name = Frameworks;
			sourceTree = "<group>";
		};
		08FB77AEFE84172EC02AAC07 /* Classes */ = {
			isa = PBXGroup;
			children = (
				0A84E5E0125AA8BB006149C5 /* Application */,
				0AB5B1D6125AAD9A00B7767B /* Categories */,
				0A84E5DF125AA8B4006149C5 /* UI */,
			);
			name = Classes;
			sourceTree = "<group>";
		};
		0A84E5DF125AA8B4006149C5 /* UI */ = {
			isa = PBXGroup;
			children = (
				0AB5B170125AA9D700B7767B /* S4FullScreenMoviePlayer.h */,
				0AB5B171125AA9D700B7767B /* S4FullScreenMoviePlayer.m */,
				0AB5B172125AA9D700B7767B /* S4OverlayViewController.h */,
				0AB5B173125AA9D700B7767B /* S4OverlayViewController.m */,
				0AB5B174125AA9D700B7767B /* S4PdfSearcher.h */,
				0AB5B175125AA9D700B7767B /* S4PdfSearcher.m */,
				0AB5B176125AA9D700B7767B /* S4PdfView.h */,
				0AB5B177125AA9D700B7767B /* S4PdfView.m */,
				0AB5B178125AA9D700B7767B /* S4RoundedRectView.h */,
				0AB5B179125AA9D700B7767B /* S4RoundedRectView.m */,
				0AB5B17A125AA9D700B7767B /* S4TextUtils.h */,
				0AB5B17B125AA9D700B7767B /* S4TextUtils.m */,
				0AB5B17C125AA9D700B7767B /* S4WebViewController.h */,
				0AB5B17D125AA9D700B7767B /* S4WebViewController.m */,
			);
			name = UI;
			sourceTree = "<group>";
		};
		0A84E5E0125AA8BB006149C5 /* Application */ = {
			isa = PBXGroup;
			children = (
				0AB5B16C125AA9C000B7767B /* S4AbstractAppDelegate.h */,
				0AB5B16D125AA9C000B7767B /* S4AbstractAppDelegate.m */,
			);
			name = Application;
			sourceTree = "<group>";
		};
		0AB5B1D6125AAD9A00B7767B /* Categories */ = {
			isa = PBXGroup;
			children = (
				0AB5B1D7125AADB300B7767B /* UIColor+S4Utilities.h */,
				0AB5B1D8125AADB300B7767B /* UIColor+S4Utilities.m */,
			);
			name = Categories;
			sourceTree = "<group>";
		};
		0AD5392E125A9FD8009EC85A /* Vendor */ = {
			isa = PBXGroup;
			children = (
			);
			name = Vendor;
			sourceTree = "<group>";
		};
		0AD539FD125AA3AA009EC85A /* S4iOSLib */ = {
			isa = PBXGroup;
			children = (
				0AD53A43125AA4F6009EC85A /* Headers */,
			);
			name = S4iOSLib;
			sourceTree = "<group>";
		};
		0AD53A43125AA4F6009EC85A /* Headers */ = {
			isa = PBXGroup;
			children = (
				0AD53A44125AA4F6009EC85A /* Base64Transcoder.h */,
				0AD53A46125AA4F6009EC85A /* hmac.h */,
				0AD53A47125AA4F6009EC85A /* NSCollections+S4Utilities.h */,
				0AD53A48125AA4F6009EC85A /* NSInvocation+S4Utilities.h */,
				0AD53A49125AA4F6009EC85A /* NSObject+S4Utilities.h */,
				0AD53A4A125AA4F6009EC85A /* NSString+S4Utilities.h */,
				0AD53A4C125AA4F6009EC85A /* S4AppUtils.h */,
				0AD53A4D125AA4F6009EC85A /* S4BaseClass.h */,
				0AD53A4E125AA4F6009EC85A /* S4CCMacProvider.h */,
				0AD53A4F125AA4F6009EC85A /* S4CommonDefines.h */,
				0AD53A50125AA4F6009EC85A /* S4CoreLocationManager.h */,
				0AD53A51125AA4F6009EC85A /* S4CrashManager.h */,
				0AD53A52125AA4F6009EC85A /* S4DelgateArray.h */,
				0AD53A53125AA4F6009EC85A /* S4FileUtilities.h */,
				0AD53A55125AA4F6009EC85A /* S4GeoLocation.h */,
				0AD53A56125AA4F6009EC85A /* S4HttpConnection.h */,
				0AD53A57125AA4F6009EC85A /* S4HttpInvokeOperation.h */,
				0AD53A58125AA4F6009EC85A /* S4NetUtilities.h */,
				0AD53A59125AA4F6009EC85A /* S4NetworkAccess.h */,
				0AD53A5A125AA4F6009EC85A /* S4ObjC_Utilities.h */,
				0AD53A5B125AA4F6009EC85A /* S4OperationsHandler.h */,
				0AD53A5F125AA4F6009EC85A /* S4RegEx.h */,
				0AD53A61125AA4F6009EC85A /* S4ScreenUtils.h */,
				0AD53A62125AA4F6009EC85A /* S4SingletonClass.h */,
				0AD53A63125AA4F6009EC85A /* S4SystemUtilities.h */,
				0AD53A65125AA4F6009EC85A /* S4UIDeviceManager.h */,
				0AD53A66125AA4F6009EC85A /* S4UserDefaultsManager.h */,
				0AD53A68125AA4F6009EC85A /* S4XMLToDictionaryParser.h */,
				0AD53A69125AA4F6009EC85A /* sha1.h */,
			);
			name = Headers;
			path = ../S4iOSLib/dist/Headers;
			sourceTree = SOURCE_ROOT;
		};
		32C88DFF0371C24200C91783 /* Other Sources */ = {
			isa = PBXGroup;
			children = (
				AA747D9E0F9514B9006C5449 /* S4iOS_UI_Lib_Prefix.pch */,
			);
			name = "Other Sources";
			sourceTree = "<group>";
		};
/* End PBXGroup section */

/* Begin PBXHeadersBuildPhase section */
		D2AAC07A0554694100DB518D /* Headers */ = {
			isa = PBXHeadersBuildPhase;
			buildActionMask = 2147483647;
			files = (
				AA747D9F0F9514B9006C5449 /* S4iOS_UI_Lib_Prefix.pch in Headers */,
				0AD53A6B125AA4F6009EC85A /* Base64Transcoder.h in Headers */,
				0AD53A6C125AA4F6009EC85A /* hmac.h in Headers */,
				0AD53A6D125AA4F6009EC85A /* NSCollections+S4Utilities.h in Headers */,
				0AD53A6E125AA4F6009EC85A /* NSInvocation+S4Utilities.h in Headers */,
				0AD53A6F125AA4F6009EC85A /* NSObject+S4Utilities.h in Headers */,
				0AD53A70125AA4F6009EC85A /* NSString+S4Utilities.h in Headers */,
				0AD53A72125AA4F6009EC85A /* S4AppUtils.h in Headers */,
				0AD53A73125AA4F6009EC85A /* S4BaseClass.h in Headers */,
				0AD53A74125AA4F6009EC85A /* S4CCMacProvider.h in Headers */,
				0AD53A75125AA4F6009EC85A /* S4CommonDefines.h in Headers */,
				0AD53A76125AA4F6009EC85A /* S4CoreLocationManager.h in Headers */,
				0AD53A77125AA4F6009EC85A /* S4CrashManager.h in Headers */,
				0AD53A78125AA4F6009EC85A /* S4DelgateArray.h in Headers */,
				0AD53A79125AA4F6009EC85A /* S4FileUtilities.h in Headers */,
				0AD53A7B125AA4F6009EC85A /* S4GeoLocation.h in Headers */,
				0AD53A7C125AA4F6009EC85A /* S4HttpConnection.h in Headers */,
				0AD53A7D125AA4F6009EC85A /* S4HttpInvokeOperation.h in Headers */,
				0AD53A7E125AA4F6009EC85A /* S4NetUtilities.h in Headers */,
				0AD53A7F125AA4F6009EC85A /* S4NetworkAccess.h in Headers */,
				0AD53A80125AA4F6009EC85A /* S4ObjC_Utilities.h in Headers */,
				0AD53A81125AA4F6009EC85A /* S4OperationsHandler.h in Headers */,
				0AD53A85125AA4F6009EC85A /* S4RegEx.h in Headers */,
				0AD53A87125AA4F6009EC85A /* S4ScreenUtils.h in Headers */,
				0AD53A88125AA4F6009EC85A /* S4SingletonClass.h in Headers */,
				0AD53A89125AA4F6009EC85A /* S4SystemUtilities.h in Headers */,
				0AD53A8B125AA4F6009EC85A /* S4UIDeviceManager.h in Headers */,
				0AD53A8C125AA4F6009EC85A /* S4UserDefaultsManager.h in Headers */,
				0AD53A8E125AA4F6009EC85A /* S4XMLToDictionaryParser.h in Headers */,
				0AD53A8F125AA4F6009EC85A /* sha1.h in Headers */,
				0AB5B16E125AA9C000B7767B /* S4AbstractAppDelegate.h in Headers */,
				0AB5B17E125AA9D700B7767B /* S4FullScreenMoviePlayer.h in Headers */,
				0AB5B180125AA9D700B7767B /* S4OverlayViewController.h in Headers */,
				0AB5B182125AA9D700B7767B /* S4PdfSearcher.h in Headers */,
				0AB5B184125AA9D700B7767B /* S4PdfView.h in Headers */,
				0AB5B186125AA9D700B7767B /* S4RoundedRectView.h in Headers */,
				0AB5B188125AA9D700B7767B /* S4TextUtils.h in Headers */,
				0AB5B18A125AA9D700B7767B /* S4WebViewController.h in Headers */,
				0AB5B1D9125AADB300B7767B /* UIColor+S4Utilities.h in Headers */,
			);
			runOnlyForDeploymentPostprocessing = 0;
		};
/* End PBXHeadersBuildPhase section */

/* Begin PBXNativeTarget section */
		D2AAC07D0554694100DB518D /* S4iOS_UI_Lib */ = {
			isa = PBXNativeTarget;
			buildConfigurationList = 1DEB921E08733DC00010E9CD /* Build configuration list for PBXNativeTarget "S4iOS_UI_Lib" */;
			buildPhases = (
				0AD539F0125AA276009EC85A /* ShellScript */,
				D2AAC07A0554694100DB518D /* Headers */,
				D2AAC07B0554694100DB518D /* Sources */,
				D2AAC07C0554694100DB518D /* Frameworks */,
				0AD539FC125AA343009EC85A /* ShellScript */,
			);
			buildRules = (
			);
			dependencies = (
			);
			name = S4iOS_UI_Lib;
			productName = S4iOS_UI_Lib;
			productReference = D2AAC07E0554694100DB518D /* libS4iOS_UI_Lib.a */;
			productType = "com.apple.product-type.library.static";
		};
/* End PBXNativeTarget section */

/* Begin PBXProject section */
		0867D690FE84028FC02AAC07 /* Project object */ = {
			isa = PBXProject;
			attributes = {
				ORGANIZATIONNAME = "Seastones Software";
			};
			buildConfigurationList = 1DEB922208733DC00010E9CD /* Build configuration list for PBXProject "S4iOS_UI_Lib" */;
			compatibilityVersion = "Xcode 3.2";
			developmentRegion = English;
			hasScannedForEncodings = 1;
			knownRegions = (
				English,
				Japanese,
				French,
				German,
			);
			mainGroup = 0867D691FE84028FC02AAC07 /* S4iOS_UI_Lib */;
			productRefGroup = 034768DFFF38A50411DB9C8B /* Products */;
			projectDirPath = "";
			projectRoot = "";
			targets = (
				D2AAC07D0554694100DB518D /* S4iOS_UI_Lib */,
			);
		};
/* End PBXProject section */

/* Begin PBXShellScriptBuildPhase section */
		0AD539F0125AA276009EC85A /* ShellScript */ = {
			isa = PBXShellScriptBuildPhase;
			buildActionMask = 2147483647;
			files = (
			);
			inputPaths = (
			);
			outputPaths = (
			);
			runOnlyForDeploymentPostprocessing = 0;
			shellPath = /bin/sh;
			shellScript = "if [ -e \"dist/libS4iOS_UI_Lib.a\" ] ; then\n  rm dist/libS4iOS_UI_Lib.a\nfi\n\nif [ -e \"dist/Headers/S4AbstractAppDelegate.h\" ] ; then\n  rm dist/Headers/*.h\nfi\n\nif [ -e \"dist/Resources/ico_refresh.png\" ] ; then\n  rm dist/Resources/*.png\nfi\n\nif [ -e \"dist/Resources/S4WebView.xib\" ] ; then\n  rm dist/Resources/*.xib\nfi\n";
		};
		0AD539FC125AA343009EC85A /* ShellScript */ = {
			isa = PBXShellScriptBuildPhase;
			buildActionMask = 2147483647;
			files = (
			);
			inputPaths = (
			);
			outputPaths = (
			);
			runOnlyForDeploymentPostprocessing = 0;
			shellPath = /bin/sh;
			shellScript = "if [ -e \"build/Release-iphoneos/libS4iOS_UI_Lib.a\" ] ; then\n\tif [ -e \"build/Debug-iphonesimulator/libS4iOS_UI_Lib.a\" ] ; then\n\t\tlipo -create \"build/Release-iphoneos/libS4iOS_UI_Lib.a\" \"build/Debug-iphonesimulator/libS4iOS_UI_Lib.a\" -output \"dist/libS4iOS_UI_Lib.a\"\n\t\tcp Classes/Application/*.h dist/Headers/\n\t\tcp Classes/Categories/*.h dist/Headers/\n\t\tcp Classes/UI/*.h dist/Headers/\n\t\tcp Resources/* dist/Resources\n\tfi\nfi\n";
		};
/* End PBXShellScriptBuildPhase section */

/* Begin PBXSourcesBuildPhase section */
		D2AAC07B0554694100DB518D /* Sources */ = {
			isa = PBXSourcesBuildPhase;
			buildActionMask = 2147483647;
			files = (
				0AB5B16F125AA9C000B7767B /* S4AbstractAppDelegate.m in Sources */,
				0AB5B17F125AA9D700B7767B /* S4FullScreenMoviePlayer.m in Sources */,
				0AB5B181125AA9D700B7767B /* S4OverlayViewController.m in Sources */,
				0AB5B183125AA9D700B7767B /* S4PdfSearcher.m in Sources */,
				0AB5B185125AA9D700B7767B /* S4PdfView.m in Sources */,
				0AB5B187125AA9D700B7767B /* S4RoundedRectView.m in Sources */,
				0AB5B189125AA9D700B7767B /* S4TextUtils.m in Sources */,
				0AB5B18B125AA9D700B7767B /* S4WebViewController.m in Sources */,
				0AB5B1DA125AADB300B7767B /* UIColor+S4Utilities.m in Sources */,
			);
			runOnlyForDeploymentPostprocessing = 0;
		};
/* End PBXSourcesBuildPhase section */

/* Begin XCBuildConfiguration section */
		1DEB921F08733DC00010E9CD /* Debug */ = {
			isa = XCBuildConfiguration;
			buildSettings = {
				ALWAYS_SEARCH_USER_PATHS = NO;
				ARCHS = "$(ARCHS_STANDARD_32_BIT)";
				COPY_PHASE_STRIP = NO;
				DSTROOT = /tmp/S4iOS_UI_Lib.dst;
				GCC_DYNAMIC_NO_PIC = NO;
				GCC_ENABLE_FIX_AND_CONTINUE = YES;
				GCC_MODEL_TUNING = G5;
				GCC_OPTIMIZATION_LEVEL = 0;
				GCC_PRECOMPILE_PREFIX_HEADER = YES;
				GCC_PREFIX_HEADER = S4iOS_UI_Lib_Prefix.pch;
				INSTALL_PATH = /usr/local/lib;
				PRODUCT_NAME = S4iOS_UI_Lib;
			};
			name = Debug;
		};
		1DEB922008733DC00010E9CD /* Release */ = {
			isa = XCBuildConfiguration;
			buildSettings = {
				ALWAYS_SEARCH_USER_PATHS = NO;
				ARCHS = "$(ARCHS_STANDARD_32_BIT)";
				DSTROOT = /tmp/S4iOS_UI_Lib.dst;
				GCC_MODEL_TUNING = G5;
				GCC_PRECOMPILE_PREFIX_HEADER = YES;
				GCC_PREFIX_HEADER = S4iOS_UI_Lib_Prefix.pch;
				INSTALL_PATH = /usr/local/lib;
				PRODUCT_NAME = S4iOS_UI_Lib;
			};
			name = Release;
		};
		1DEB922308733DC00010E9CD /* Debug */ = {
			isa = XCBuildConfiguration;
			buildSettings = {
				ARCHS = "$(ARCHS_STANDARD_32_BIT)";
				GCC_C_LANGUAGE_STANDARD = c99;
				GCC_OPTIMIZATION_LEVEL = 0;
				GCC_VERSION = com.apple.compilers.llvm.clang.1_0;
				GCC_WARN_ABOUT_RETURN_TYPE = YES;
				GCC_WARN_UNUSED_VARIABLE = YES;
				HEADER_SEARCH_PATHS = $SDKROOT/usr/include/libxml2;
				IPHONEOS_DEPLOYMENT_TARGET = 3.1.2;
				OTHER_CFLAGS = (
					"-DDEBUG=1",
					"-D__IPHONE_OS_VERSION_MIN_REQUIRED=030102",
				);
				OTHER_LDFLAGS = (
					"-ObjC",
					"-all_load",
				);
				PREBINDING = NO;
				SDKROOT = iphoneos4.1;
				TARGETED_DEVICE_FAMILY = "1,2";
			};
			name = Debug;
		};
		1DEB922408733DC00010E9CD /* Release */ = {
			isa = XCBuildConfiguration;
			buildSettings = {
				ARCHS = "$(ARCHS_STANDARD_32_BIT)";
				GCC_C_LANGUAGE_STANDARD = c99;
				GCC_VERSION = com.apple.compilers.llvm.clang.1_0;
				GCC_WARN_ABOUT_RETURN_TYPE = YES;
				GCC_WARN_UNUSED_VARIABLE = YES;
				HEADER_SEARCH_PATHS = $SDKROOT/usr/include/libxml2;
				IPHONEOS_DEPLOYMENT_TARGET = 3.1.2;
				OTHER_CFLAGS = "-D__IPHONE_OS_VERSION_MIN_REQUIRED=030102";
				OTHER_LDFLAGS = (
					"-ObjC",
					"-all_load",
				);
				PREBINDING = NO;
				SDKROOT = iphoneos4.1;
				TARGETED_DEVICE_FAMILY = "1,2";
			};
			name = Release;
		};
/* End XCBuildConfiguration section */

/* Begin XCConfigurationList section */
		1DEB921E08733DC00010E9CD /* Build configuration list for PBXNativeTarget "S4iOS_UI_Lib" */ = {
			isa = XCConfigurationList;
			buildConfigurations = (
				1DEB921F08733DC00010E9CD /* Debug */,
				1DEB922008733DC00010E9CD /* Release */,
			);
			defaultConfigurationIsVisible = 0;
			defaultConfigurationName = Release;
		};
		1DEB922208733DC00010E9CD /* Build configuration list for PBXProject "S4iOS_UI_Lib" */ = {
			isa = XCConfigurationList;
			buildConfigurations = (
				1DEB922308733DC00010E9CD /* Debug */,
				1DEB922408733DC00010E9CD /* Release */,
			);
			defaultConfigurationIsVisible = 0;
			defaultConfigurationName = Release;
		};
/* End XCConfigurationList section */
	};
	rootObject = 0867D690FE84028FC02AAC07 /* Project object */;
}
